
Microsoft Visual Studio Solution File, Format Version 12.00
# Visual Studio Version 17
VisualStudioVersion = 17.1.32228.430
MinimumVisualStudioVersion = 10.0.40219.1
Project("{9A19103F-16F7-4668-BE54-9A1E7A4F7556}") = "Oms", "Oms\Oms.csproj", "{BEA330E6-D5CC-441E-AFF8-AF1E8328E456}"
EndProject
Project("{9A19103F-16F7-4668-BE54-9A1E7A4F7556}") = "BackOffice", "BackOffice\BackOffice.csproj", "{7C825454-08B9-405E-9105-A4CDDFB22CD1}"
EndProject
Project("{9A19103F-16F7-4668-BE54-9A1E7A4F7556}") = "Accounting", "Accounting\Accounting.csproj", "{96C651B8-AA36-4665-94A7-B03CEF98DFBD}"
EndProject
Project("{9A19103F-16F7-4668-BE54-9A1E7A4F7556}") = "Saga", "Saga\Saga.csproj", "{75941B80-84ED-4792-9FDD-07F3D04856DE}"
EndProject
Project("{9A19103F-16F7-4668-BE54-9A1E7A4F7556}") = "Saga.V2", "Saga.V2\Saga.V2.csproj", "{3666CC3A-773B-4970-838B-3E350CD2B2CA}"
EndProject
Project("{2150E333-8FDC-42A3-9474-1A3956D46DE8}") = "Solution Items", "Solution Items", "{B4A3B2F1-BE67-4999-B935-C9301A15939A}"
	ProjectSection(SolutionItems) = preProject
		.editorconfig = .editorconfig
	EndProjectSection
EndProject
Project("{FAE04EC0-301F-11D3-BF4B-00C04F79EFBC}") = "RecoveryAgent", "RecoveryAgent\RecoveryAgent.csproj", "{28FD3C1A-CDCD-402C-BE0D-4A0900FFEA70}"
EndProject
Global
	GlobalSection(SolutionConfigurationPlatforms) = preSolution
		Debug|Any CPU = Debug|Any CPU
		Release|Any CPU = Release|Any CPU
	EndGlobalSection
	GlobalSection(ProjectConfigurationPlatforms) = postSolution
		{BEA330E6-D5CC-441E-AFF8-AF1E8328E456}.Debug|Any CPU.ActiveCfg = Debug|Any CPU
		{BEA330E6-D5CC-441E-AFF8-AF1E8328E456}.Debug|Any CPU.Build.0 = Debug|Any CPU
		{BEA330E6-D5CC-441E-AFF8-AF1E8328E456}.Release|Any CPU.ActiveCfg = Release|Any CPU
		{BEA330E6-D5CC-441E-AFF8-AF1E8328E456}.Release|Any CPU.Build.0 = Release|Any CPU
		{7C825454-08B9-405E-9105-A4CDDFB22CD1}.Debug|Any CPU.ActiveCfg = Debug|Any CPU
		{7C825454-08B9-405E-9105-A4CDDFB22CD1}.Debug|Any CPU.Build.0 = Debug|Any CPU
		{7C825454-08B9-405E-9105-A4CDDFB22CD1}.Release|Any CPU.ActiveCfg = Release|Any CPU
		{7C825454-08B9-405E-9105-A4CDDFB22CD1}.Release|Any CPU.Build.0 = Release|Any CPU
		{96C651B8-AA36-4665-94A7-B03CEF98DFBD}.Debug|Any CPU.ActiveCfg = Debug|Any CPU
		{96C651B8-AA36-4665-94A7-B03CEF98DFBD}.Debug|Any CPU.Build.0 = Debug|Any CPU
		{96C651B8-AA36-4665-94A7-B03CEF98DFBD}.Release|Any CPU.ActiveCfg = Release|Any CPU
		{96C651B8-AA36-4665-94A7-B03CEF98DFBD}.Release|Any CPU.Build.0 = Release|Any CPU
		{75941B80-84ED-4792-9FDD-07F3D04856DE}.Debug|Any CPU.ActiveCfg = Debug|Any CPU
		{75941B80-84ED-4792-9FDD-07F3D04856DE}.Debug|Any CPU.Build.0 = Debug|Any CPU
		{75941B80-84ED-4792-9FDD-07F3D04856DE}.Release|Any CPU.ActiveCfg = Release|Any CPU
		{75941B80-84ED-4792-9FDD-07F3D04856DE}.Release|Any CPU.Build.0 = Release|Any CPU
		{3666CC3A-773B-4970-838B-3E350CD2B2CA}.Debug|Any CPU.ActiveCfg = Debug|Any CPU
		{3666CC3A-773B-4970-838B-3E350CD2B2CA}.Debug|Any CPU.Build.0 = Debug|Any CPU
		{3666CC3A-773B-4970-838B-3E350CD2B2CA}.Release|Any CPU.ActiveCfg = Release|Any CPU
		{3666CC3A-773B-4970-838B-3E350CD2B2CA}.Release|Any CPU.Build.0 = Release|Any CPU
		{28FD3C1A-CDCD-402C-BE0D-4A0900FFEA70}.Debug|Any CPU.ActiveCfg = Debug|Any CPU
		{28FD3C1A-CDCD-402C-BE0D-4A0900FFEA70}.Debug|Any CPU.Build.0 = Debug|Any CPU
		{28FD3C1A-CDCD-402C-BE0D-4A0900FFEA70}.Release|Any CPU.ActiveCfg = Release|Any CPU
		{28FD3C1A-CDCD-402C-BE0D-4A0900FFEA70}.Release|Any CPU.Build.0 = Release|Any CPU
	EndGlobalSection
	GlobalSection(SolutionProperties) = preSolution
		HideSolutionNode = FALSE
	EndGlobalSection
	GlobalSection(ExtensibilityGlobals) = postSolution
		SolutionGuid = {ADDF151A-A606-4B6E-AE0E-B7CEF1E1E077}
	EndGlobalSection
EndGlobal
